{
  "name": "jekyll-theme-perigee-dev",
  "lockfileVersion": 3,
  "requires": true,
  "packages": {
    "": {
      "name": "jekyll-theme-perigee-dev",
      "license": "MIT",
      "devDependencies": {
        "@fontsource/inter": "5.3.0",
        "@gravity-ui/icons": "2.22.0",
        "@gravity-ui/uikit": "7.50.1"
      }
    },
    "node_modules/@babel/runtime": {
      "version": "8.0.5",
      "resolved": "https://registry.npmjs.org/@babel/runtime/-/runtime-8.0.5.tgz",
      "integrity": "sha512-7NK+Lz3spQ52XsUGTxIEVU4jYN2/dIaX8sTxRFAUtYmttYZnVh3aehiihv+/Gb7+duMNHl2OrFcBQRyOHScxpg==",
      "dev": true,
      "license": "MIT",
      "peer": true
    },
    "node_modules/@bem-react/classname": {
      "version": "1.8.0",
      "resolved": "https://registry.npmjs.org/@bem-react/classname/-/classname-1.8.0.tgz",
      "integrity": "sha512-uazGRFKTMNbGR8KLvEh5qT+aP0yuym+sB+YFFaAyCkFodtjI0SskV6BfkiZ9+E3FloIFYPkwqJ1owxp48WCS9g==",
      "dev": true,
      "license": "MPL-2.0"
    },
    "node_modules/@floating-ui/core": {
      "version": "1.8.0",
      "resolved": "https://registry.npmjs.org/@floating-ui/core/-/core-1.8.0.tgz",
      "integrity": "sha512-0CIZ5itps/8x7BG8dEIhs53BvCUH2PCoogtakwRTut+Arm58sJooJ0AuZhLw2HJYIR5cMLNPBSS728sPho2khQ==",
      "dev": true,
      "license": "MIT",
      "dependencies": {
        "@floating-ui/utils": "^0.2.12"
      }
    },
    "node_modules/@floating-ui/dom": {
      "version": "1.8.0",
      "resolved": "https://registry.npmjs.org/@floating-ui/dom/-/dom-1.8.0.tgz",
      "integrity": "sha512-yXSrzeHZBTZadLOlfyhCkJHNeLJnHRnRInwdZ40L7ZiaAtrBwoYlsDrX3v5zB1Utk7CLfzcOVnVVWoXEky7Ceg==",
      "dev": true,
      "license": "MIT",
      "dependencies": {
        "@floating-ui/core": "^1.8.0",
        "@floating-ui/utils": "^0.2.12"
      }
    },
    "node_modules/@floating-ui/react": {
      "version": "0.27.20",
      "resolved": "https://registry.npmjs.org/@floating-ui/react/-/react-0.27.20.tgz",
      "integrity": "sha512-CMqMy7OaXl9W0eq1Uy7L7i2Y/anPvHmFmESd2CEw0t5YvZhcVCeo4MBevAmswRllX7Y2dEidA4ozGPunLSTQpw==",
      "dev": true,
      "license": "MIT",
      "dependencies": {
        "@floating-ui/react-dom": "^2.1.9",
        "@floating-ui/utils": "^0.2.12",
        "tabbable": "^6.0.0"
      },
      "peerDependencies": {
        "react": ">=17.0.0",
        "react-dom": ">=17.0.0"
      }
    },
    "node_modules/@floating-ui/react-dom": {
      "version": "2.1.9",
      "resolved": "https://registry.npmjs.org/@floating-ui/react-dom/-/react-dom-2.1.9.tgz",
      "integrity": "sha512-JDjEFGCpImxDCA7JJKviA0M9+RtmJdj0m/NVU5IMgBK+AmZouAQQ7/+2GLH0GXXY0YMw9oXPB8hKdbPYg5QLYg==",
      "dev": true,
      "license": "MIT",
      "dependencies": {
        "@floating-ui/dom": "^1.8.0"
      },
      "peerDependencies": {
        "react": ">=16.8.0",
        "react-dom": ">=16.8.0"
      }
    },
    "node_modules/@floating-ui/utils": {
      "version": "0.2.12",
      "resolved": "https://registry.npmjs.org/@floating-ui/utils/-/utils-0.2.12.tgz",
      "integrity": "sha512-HpCo8tmWzLVad5s2d19EhAz5zqrrQ6s69qd6moPMQvkOuSwDT1YgRfWSVuc4ennqrgv3OHppiOGMQ7oC13yIww==",
      "dev": true,
      "license": "MIT"
    },
    "node_modules/@fontsource/inter": {
      "version": "5.3.0",
      "resolved": "https://registry.npmjs.org/@fontsource/inter/-/inter-5.3.0.tgz",
      "integrity": "sha512-RofMylZmjlJEfELXeNHFWBRcSs75rGU/6bV2S2jfnvv/3rPXPGe0LgUJTklcHZ9lM4OZmAVFhcJPnACfb91A3g==",
      "dev": true,
      "license": "OFL-1.1",
      "funding": {
        "url": "https://github.com/sponsors/ayuhito"
      }
    },
    "node_modules/@gravity-ui/i18n": {
      "version": "1.8.0",
      "resolved": "https://registry.npmjs.org/@gravity-ui/i18n/-/i18n-1.8.0.tgz",
      "integrity": "sha512-bVt/UGjL96Naw0h03QW+3z2tf6t4zvLh1j+eFzpdLlAIMeNu0dRjxn4X6EGtwhwKrfMyIfrlOqmLSroXtCNQAw==",
      "dev": true,
      "license": "MIT"
    },
    "node_modules/@gravity-ui/icons": {
      "version": "2.22.0",
      "resolved": "https://registry.npmjs.org/@gravity-ui/icons/-/icons-2.22.0.tgz",
      "integrity": "sha512-v304kVTXbtsq8b3Uq3ZnX9R3LnRdECToeLspDgCs92C9fcID4C7dJqS3PywHKEaM4PFEZO8LRp/6JQbIm9UjHA==",
      "dev": true,
      "license": "MIT",
      "dependencies": {
        "tslib": "^2.8.1"
      },
      "peerDependencies": {
        "react": "*"
      },
      "peerDependenciesMeta": {
        "react": {
          "optional": true
        }
      }
    },
    "node_modules/@gravity-ui/uikit": {
      "version": "7.50.1",
      "resolved": "https://registry.npmjs.org/@gravity-ui/uikit/-/uikit-7.50.1.tgz",
      "integrity": "sha512-P/L3HQY9egELCgdDELYdwSm79ENTiGkKsxgKRqTmYzcq4ooo5fS6kwnB5yqq9wQMxGoBXsJczbNEIuQpiXL++A==",
      "dev": true,
      "license": "MIT",
      "dependencies": {
        "@bem-react/classname": "^1.7.0",
        "@floating-ui/react": "^0.27.16",
        "@gravity-ui/i18n": "^1.8.0",
        "@gravity-ui/icons": "^2.16.0",
        "@hello-pangea/dnd": "^18.0.1",
        "@tanstack/react-virtual": "^3.13.12",
        "@uiw/react-color": "^2.9.2",
        "blueimp-md5": "^2.19.0",
        "lodash": "^4.17.21",
        "rc-slider": "^11.1.9",
        "react-transition-group": "^4.4.5",
        "react-virtualized-auto-sizer": "^1.0.26",
        "react-window": "^1.8.11",
        "tabbable": "^6.2.0",
        "tslib": "^2.8.1",
        "use-sync-external-store": "^1.6.0"
      },
      "peerDependencies": {
        "@types/react": "^16.14.0 || ^17.0.0 || ^18.0.0 || ^19.0.0",
        "react": "^16.14.0 || ^17.0.0 || ^18.0.0 || ^19.0.0",
        "react-dom": "^16.14.0 || ^17.0.0 || ^18.0.0 || ^19.0.0"
      },
      "peerDependenciesMeta": {
        "@types/react": {
          "optional": true
        }
      }
    },
    "node_modules/@hello-pangea/dnd": {
      "version": "18.0.1",
      "resolved": "https://registry.npmjs.org/@hello-pangea/dnd/-/dnd-18.0.1.tgz",
      "integrity": "sha512-xojVWG8s/TGrKT1fC8K2tIWeejJYTAeJuj36zM//yEm/ZrnZUSFGS15BpO+jGZT1ybWvyXmeDJwPYb4dhWlbZQ==",
      "dev": true,
      "license": "Apache-2.0",
      "dependencies": {
        "@babel/runtime": "^7.26.7",
        "css-box-model": "^1.2.1",
        "raf-schd": "^4.0.3",
        "react-redux": "^9.2.0",
        "redux": "^5.0.1"
      },
      "peerDependencies": {
        "react": "^18.0.0 || ^19.0.0",
        "react-dom": "^18.0.0 || ^19.0.0"
      }
    },
    "node_modules/@hello-pangea/dnd/node_modules/@babel/runtime": {
      "version": "7.29.7",
      "resolved": "https://registry.npmjs.org/@babel/runtime/-/runtime-7.29.7.tgz",
      "integrity": "sha512-Nq8OhGWiZIZGV6hLHoyAKLLcJihP/xFeBMGJoUrxTX2psI8dCifzLhZISFb+VWS3wFMRDmCGw5R+dOySCqPLhw==",
      "dev": true,
      "license": "MIT",
      "engines": {
        "node": ">=6.9.0"
      }
    },
    "node_modules/@tanstack/react-virtual": {
      "version": "3.14.13",
      "resolved": "https://registry.npmjs.org/@tanstack/react-virtual/-/react-virtual-3.14.13.tgz",
      "integrity": "sha512-JbDTAwtzZ99aOeCrAfW5EsE5KSq5RWh6Af2dtFwyLIIk48Ja7vm6n4axu/43T3vfjFnEGJalxJ1wyYjSQD6bSg==",
      "dev": true,
      "license": "MIT",
      "dependencies": {
        "@tanstack/virtual-core": "3.17.11"
      },
      "funding": {
        "type": "github",
        "url": "https://github.com/sponsors/tannerlinsley"
      },
      "peerDependencies": {
        "react": "^16.8.0 || ^17.0.0 || ^18.0.0 || ^19.0.0",
        "react-dom": "^16.8.0 || ^17.0.0 || ^18.0.0 || ^19.0.0"
      }
    },
    "node_modules/@tanstack/virtual-core": {
      "version": "3.17.11",
      "resolved": "https://registry.npmjs.org/@tanstack/virtual-core/-/virtual-core-3.17.11.tgz",
      "integrity": "sha512-+ILjvtHup6Y2hzQ6YzwMgX1Q+oQpxEGOXCEsCNaPoIP0VxMbizIBTmYTDtkerkIQS8/CbP1BRuyt8V/8BCsy1g==",
      "dev": true,
      "license": "MIT",
      "funding": {
        "type": "github",
        "url": "https://github.com/sponsors/tannerlinsley"
      }
    },
    "node_modules/@types/use-sync-external-store": {
      "version": "0.0.6",
      "resolved": "https://registry.npmjs.org/@types/use-sync-external-store/-/use-sync-external-store-0.0.6.tgz",
      "integrity": "sha512-zFDAD+tlpf2r4asuHEj0XH6pY6i0g5NeAHPn+15wk3BV6JA69eERFXC1gyGThDkVa1zCyKr5jox1+2LbV/AMLg==",
      "dev": true,
      "license": "MIT"
    },
    "node_modules/@uiw/color-convert": {
      "version": "2.10.3",
      "resolved": "https://registry.npmjs.org/@uiw/color-convert/-/color-convert-2.10.3.tgz",
      "integrity": "sha512-5tIjb4CZzGR7K3Sshswsuuc6FOAFNFwjtF0hkhKH3f+CMauC4Akv7LPq6o9v68S7dIAeKvfj8qWg5Tc2I1TVSA==",
      "dev": true,
      "license": "MIT",
      "funding": {
        "url": "https://jaywcjlove.github.io/#/sponsor"
      },
      "peerDependencies": {
        "@babel/runtime": ">=7.19.0"
      }
    },
    "node_modules/@uiw/react-color": {
      "version": "2.10.3",
      "resolved": "https://registry.npmjs.org/@uiw/react-color/-/react-color-2.10.3.tgz",
      "integrity": "sha512-OezqWY4Fo8yJf8yn2sfdDS3xmAir6FBDSiDJ0tR/CoXwQ2RaQl0mZlarfb/I0aaGiJ/jAORAGStTX/G5XoB2jw==",
      "dev": true,
      "license": "MIT",
      "dependencies": {
        "@uiw/color-convert": "2.10.3",
        "@uiw/react-color-alpha": "2.10.3",
        "@uiw/react-color-block": "2.10.3",
        "@uiw/react-color-chrome": "2.10.3",
        "@uiw/react-color-circle": "2.10.3",
        "@uiw/react-color-colorful": "2.10.3",
        "@uiw/react-color-compact": "2.10.3",
        "@uiw/react-color-editable-input": "2.10.3",
        "@uiw/react-color-editable-input-hsla": "2.10.3",
        "@uiw/react-color-editable-input-rgba": "2.10.3",
        "@uiw/react-color-github": "2.10.3",
        "@uiw/react-color-hue": "2.10.3",
        "@uiw/react-color-material": "2.10.3",
        "@uiw/react-color-name": "2.10.3",
        "@uiw/react-color-saturation": "2.10.3",
        "@uiw/react-color-shade-slider": "2.10.3",
        "@uiw/react-color-sketch": "2.10.3",
        "@uiw/react-color-slider": "2.10.3",
        "@uiw/react-color-swatch": "2.10.3",
        "@uiw/react-color-wheel": "2.10.3"
      },
      "funding": {
        "url": "https://jaywcjlove.github.io/#/sponsor"
      },
      "peerDependencies": {
        "@babel/runtime": ">=7.19.0",
        "react": ">=16.9.0",
        "react-dom": ">=16.9.0"
      }
    },
    "node_modules/@uiw/react-color-alpha": {
      "version": "2.10.3",
      "resolved": "https://registry.npmjs.org/@uiw/react-color-alpha/-/react-color-alpha-2.10.3.tgz",
      "integrity": "sha512-82wtNRmEW5uZV2hmw5SYZKPIZjN6aqm8/CZOg8KXfx8eoIqpbjrRBwABggPO/O5Dj2JNAPC4eYyHslE24Pxy8w==",
      "dev": true,
      "license": "MIT",
      "dependencies": {
        "@uiw/color-convert": "2.10.3",
        "@uiw/react-drag-event-interactive": "2.10.3"
      },
      "funding": {
        "url": "https://jaywcjlove.github.io/#/sponsor"
      },
      "peerDependencies": {
        "@babel/runtime": ">=7.19.0",
        "react": ">=16.9.0",
        "react-dom": ">=16.9.0"
      }
    },
    "node_modules/@uiw/react-color-block": {
      "version": "2.10.3",
      "resolved": "https://registry.npmjs.org/@uiw/react-color-block/-/react-color-block-2.10.3.tgz",
      "integrity": "sha512-TVwU/bfpt51kWqL+CcQmocQrRQHAprJL/1IxjH48ZWfLqIQ1TTZVueopGBadc2CYzDygkyTWsmYpkZJZxM9YjQ==",
      "dev": true,
      "license": "MIT",
      "dependencies": {
        "@uiw/color-convert": "2.10.3",
        "@uiw/react-color-editable-input": "2.10.3",
        "@uiw/react-color-swatch": "2.10.3"
      },
      "funding": {
        "url": "https://jaywcjlove.github.io/#/sponsor"
      },
      "peerDependencies": {
        "@babel/runtime": ">=7.19.0",
        "react": ">=16.9.0",
        "react-dom": ">=16.9.0"
      }
    },
    "node_modules/@uiw/react-color-chrome": {
      "version": "2.10.3",
      "resolved": "https://registry.npmjs.org/@uiw/react-color-chrome/-/react-color-chrome-2.10.3.tgz",
      "integrity": "sha512-28qmnD19YR1wjzWe62OnwvDRhXrGy/Oq2sg/p+PBUPp8nemvq4sBX9mIToAxHtb2TiSWKCr0JapWwHZveu0tjA==",
      "dev": true,
      "license": "MIT",
      "dependencies": {
        "@uiw/color-convert": "2.10.3",
        "@uiw/react-color-alpha": "2.10.3",
        "@uiw/react-color-editable-input": "2.10.3",
        "@uiw/react-color-editable-input-hsla": "2.10.3",
        "@uiw/react-color-editable-input-rgba": "2.10.3",
        "@uiw/react-color-github": "2.10.3",
        "@uiw/react-color-hue": "2.10.3",
        "@uiw/react-color-saturation": "2.10.3"
      },
      "funding": {
        "url": "https://jaywcjlove.github.io/#/sponsor"
      },
      "peerDependencies": {
        "@babel/runtime": ">=7.19.0",
        "react": ">=16.9.0",
        "react-dom": ">=16.9.0"
      }
    },
    "node_modules/@uiw/react-color-circle": {
      "version": "2.10.3",
      "resolved": "https://registry.npmjs.org/@uiw/react-color-circle/-/react-color-circle-2.10.3.tgz",
      "integrity": "sha512-aHO0Xf5AziEQ8PnckxIcGskPPx8Ql7BIaC7+Ngya34TDwDa/kUbEhwohn89TxNZ8ZZhG/uldTDIswMXK8Fe4zA==",
      "dev": true,
      "license": "MIT",
      "dependencies": {
        "@uiw/color-convert": "2.10.3",
        "@uiw/react-color-swatch": "2.10.3"
      },
      "funding": {
        "url": "https://jaywcjlove.github.io/#/sponsor"
      },
      "peerDependencies": {
        "@babel/runtime": ">=7.19.0",
        "react": ">=16.9.0",
        "react-dom": ">=16.9.0"
      }
    },
    "node_modules/@uiw/react-color-colorful": {
      "version": "2.10.3",
      "resolved": "https://registry.npmjs.org/@uiw/react-color-colorful/-/react-color-colorful-2.10.3.tgz",
      "integrity": "sha512-hnWr03wKNbJjNEZ4SFnwoeKNMtS2DR7rXsCv0bt17DVdBgYPZmuMTIwAR6nKFExdOwgOwXloP5KGESJYwyp2YQ==",
      "dev": true,
      "license": "MIT",
      "dependencies": {
        "@uiw/color-convert": "2.10.3",
        "@uiw/react-color-alpha": "2.10.3",
        "@uiw/react-color-hue": "2.10.3",
        "@uiw/react-color-saturation": "2.10.3"
      },
      "funding": {
        "url": "https://jaywcjlove.github.io/#/sponsor"
      },
      "peerDependencies": {
        "@babel/runtime": ">=7.19.0",
        "react": ">=16.9.0",
        "react-dom": ">=16.9.0"
      }
    },
    "node_modules/@uiw/react-color-compact": {
      "version": "2.10.3",
      "resolved": "https://registry.npmjs.org/@uiw/react-color-compact/-/react-color-compact-2.10.3.tgz",
      "integrity": "sha512-iXIG7idhaZ3XNFanKbVfFsL4w2GU5yWRUR+J5L1SzkXar1LTCjx7IDScweEBKnMdpPzDGiS2kTIn5anAif4ZDg==",
      "dev": true,
      "license": "MIT",
      "dependencies": {
        "@uiw/color-convert": "2.10.3",
        "@uiw/react-color-editable-input": "2.10.3",
        "@uiw/react-color-editable-input-rgba": "2.10.3",
        "@uiw/react-color-swatch": "2.10.3"
      },
      "funding": {
        "url": "https://jaywcjlove.github.io/#/sponsor"
      },
      "peerDependencies": {
        "@babel/runtime": ">=7.19.0",
        "react": ">=16.9.0",
        "react-dom": ">=16.9.0"
      }
    },
    "node_modules/@uiw/react-color-editable-input": {
      "version": "2.10.3",
      "resolved": "https://registry.npmjs.org/@uiw/react-color-editable-input/-/react-color-editable-input-2.10.3.tgz",
      "integrity": "sha512-QnYNpFI0p8pssYbWxIJwfmUdPwzzX0IXOAl4mU8q1HQNYoXFBGFJ4rXkJSOdauumAfOr4C8RKZlTB4/83EBBPQ==",
      "dev": true,
      "license": "MIT",
      "funding": {
        "url": "https://jaywcjlove.github.io/#/sponsor"
      },
      "peerDependencies": {
        "@babel/runtime": ">=7.19.0",
        "react": ">=16.9.0",
        "react-dom": ">=16.9.0"
      }
    },
    "node_modules/@uiw/react-color-editable-input-hsla": {
      "version": "2.10.3",
      "resolved": "https://registry.npmjs.org/@uiw/react-color-editable-input-hsla/-/react-color-editable-input-hsla-2.10.3.tgz",
      "integrity": "sha512-WoWsk52MN6rvxFD1HvNTrrGRmSKwrnp0S7htd4QnKuczlLtn4qfMXVwMARdvnR7ZqC1vn7FXZpVYd+Zh3upd2g==",
      "dev": true,
      "license": "MIT",
      "dependencies": {
        "@uiw/color-convert": "2.10.3",
        "@uiw/react-color-editable-input-rgba": "2.10.3"
      },
      "funding": {
        "url": "https://jaywcjlove.github.io/#/sponsor"
      },
      "peerDependencies": {
        "@babel/runtime": ">=7.19.0",
        "react": ">=16.9.0",
        "react-dom": ">=16.9.0"
      }
    },
    "node_modules/@uiw/react-color-editable-input-rgba": {
      "version": "2.10.3",
      "resolved": "https://registry.npmjs.org/@uiw/react-color-editable-input-rgba/-/react-color-editable-input-rgba-2.10.3.tgz",
      "integrity": "sha512-n0kyNTNicRKASJNWYJexfwwfbbwvOJEYGQO8tX4PivmZYQVuYZq/vqsgYG5y+VGrBYZsHFfY+0LtPS4AXlz+Aw==",
      "dev": true,
      "license": "MIT",
      "dependencies": {
        "@uiw/color-convert": "2.10.3",
        "@uiw/react-color-editable-input": "2.10.3"
      },
      "funding": {
        "url": "https://jaywcjlove.github.io/#/sponsor"
      },
      "peerDependencies": {
        "@babel/runtime": ">=7.19.0",
        "react": ">=16.9.0",
        "react-dom": ">=16.9.0"
      }
    },
    "node_modules/@uiw/react-color-github": {
      "version": "2.10.3",
      "resolved": "https://registry.npmjs.org/@uiw/react-color-github/-/react-color-github-2.10.3.tgz",
      "integrity": "sha512-BLiI12utcJQMT2Ym4OeYplraHLwUtW7SJQ2IbHQA7YPEU9FYqchHv1P/6DJBZi98gFqWFll+7xotEzHCCXZP5g==",
      "dev": true,
      "license": "MIT",
      "dependencies": {
        "@uiw/color-convert": "2.10.3",
        "@uiw/react-color-swatch": "2.10.3"
      },
      "funding": {
        "url": "https://jaywcjlove.github.io/#/sponsor"
      },
      "peerDependencies": {
        "@babel/runtime": ">=7.19.0",
        "react": ">=16.9.0",
        "react-dom": ">=16.9.0"
      }
    },
    "node_modules/@uiw/react-color-hue": {
      "version": "2.10.3",
      "resolved": "https://registry.npmjs.org/@uiw/react-color-hue/-/react-color-hue-2.10.3.tgz",
      "integrity": "sha512-dlaLaQEPXvaywc8xS8DgiYIbq4qUuI8fyERR7/bRsRXCTA9x4tFAD+lWenXcZBEhQh8HfZd1MhbvjcLzs7xpFg==",
      "dev": true,
      "license": "MIT",
      "dependencies": {
        "@uiw/color-convert": "2.10.3",
        "@uiw/react-color-alpha": "2.10.3"
      },
      "funding": {
        "url": "https://jaywcjlove.github.io/#/sponsor"
      },
      "peerDependencies": {
        "@babel/runtime": ">=7.19.0",
        "react": ">=16.9.0",
        "react-dom": ">=16.9.0"
      }
    },
    "node_modules/@uiw/react-color-material": {
      "version": "2.10.3",
      "resolved": "https://registry.npmjs.org/@uiw/react-color-material/-/react-color-material-2.10.3.tgz",
      "integrity": "sha512-zis1x0VPBCjFmlju0Syubo6ElNIwf91CM9xilL/A3K/LGRRVuvq/PK1mGRAjFonjfTHiTlOg1Lq3NsYCaVg8LA==",
      "dev": true,
      "license": "MIT",
      "dependencies": {
        "@uiw/color-convert": "2.10.3",
        "@uiw/react-color-editable-input": "2.10.3",
        "@uiw/react-color-editable-input-rgba": "2.10.3"
      },
      "funding": {
        "url": "https://jaywcjlove.github.io/#/sponsor"
      },
      "peerDependencies": {
        "@babel/runtime": ">=7.19.0",
        "react": ">=16.9.0",
        "react-dom": ">=16.9.0"
      }
    },
    "node_modules/@uiw/react-color-name": {
      "version": "2.10.3",
      "resolved": "https://registry.npmjs.org/@uiw/react-color-name/-/react-color-name-2.10.3.tgz",
      "integrity": "sha512-BnqZebCC2lmJezs190vUtzBybjMJypFkTEav/HP3FUzHD0XSsKHOZiHENzXp+TYr0Fb7WJQXxE/dl11zkcOwVg==",
      "dev": true,
      "license": "MIT",
      "dependencies": {
        "colors-named": "^1.0.1",
        "colors-named-hex": "^1.0.1"
      },
      "funding": {
        "url": "https://jaywcjlove.github.io/#/sponsor"
      },
      "peerDependencies": {
        "@babel/runtime": ">=7.19.0"
      }
    },
    "node_modules/@uiw/react-color-saturation": {
      "version": "2.10.3",
      "resolved": "https://registry.npmjs.org/@uiw/react-color-saturation/-/react-color-saturation-2.10.3.tgz",
      "integrity": "sha512-iRIwNx3UTZrpV5hoQ5mcsZ8ahTXcMaGNvg8iS9JUByg+1PljwWcnqq5RNrRZJXPx+vryavefMkJLKHcPb9BLvQ==",
      "dev": true,
      "license": "MIT",
      "dependencies": {
        "@uiw/color-convert": "2.10.3",
        "@uiw/react-drag-event-interactive": "2.10.3"
      },
      "funding": {
        "url": "https://jaywcjlove.github.io/#/sponsor"
      },
      "peerDependencies": {
        "@babel/runtime": ">=7.19.0",
        "react": ">=16.9.0",
        "react-dom": ">=16.9.0"
      }
    },
    "node_modules/@uiw/react-color-shade-slider": {
      "version": "2.10.3",
      "resolved": "https://registry.npmjs.org/@uiw/react-color-shade-slider/-/react-color-shade-slider-2.10.3.tgz",
      "integrity": "sha512-WgK/JgS3oDyIzah9Jcd8uPSild6WOlYq9+jroBQ3q4ZLk+DADZ6ELaIi+tXsloxx65AaLJvXlqE0By6HAyohaQ==",
      "dev": true,
      "license": "MIT",
      "dependencies": {
        "@uiw/color-convert": "2.10.3",
        "@uiw/react-color-alpha": "2.10.3"
      },
      "funding": {
        "url": "https://jaywcjlove.github.io/#/sponsor"
      },
      "peerDependencies": {
        "@babel/runtime": ">=7.19.0",
        "react": ">=16.9.0",
        "react-dom": ">=16.9.0"
      }
    },
    "node_modules/@uiw/react-color-sketch": {
      "version": "2.10.3",
      "resolved": "https://registry.npmjs.org/@uiw/react-color-sketch/-/react-color-sketch-2.10.3.tgz",
      "integrity": "sha512-4Vua0Ti1K/uOx0E3RV0xdOfLbpc4K8zXfWZtqyjJZ7jIZpB5KNgcai+b4R47VoUpyCYf2B30iCvBuFpN3cfqYA==",
      "dev": true,
      "license": "MIT",
      "dependencies": {
        "@uiw/color-convert": "2.10.3",
        "@uiw/react-color-alpha": "2.10.3",
        "@uiw/react-color-editable-input": "2.10.3",
        "@uiw/react-color-editable-input-rgba": "2.10.3",
        "@uiw/react-color-hue": "2.10.3",
        "@uiw/react-color-saturation": "2.10.3",
        "@uiw/react-color-swatch": "2.10.3"
      },
      "funding": {
        "url": "https://jaywcjlove.github.io/#/sponsor"
      },
      "peerDependencies": {
        "@babel/runtime": ">=7.19.0",
        "react": ">=16.9.0",
        "react-dom": ">=16.9.0"
      }
    },
    "node_modules/@uiw/react-color-slider": {
      "version": "2.10.3",
      "resolved": "https://registry.npmjs.org/@uiw/react-color-slider/-/react-color-slider-2.10.3.tgz",
      "integrity": "sha512-aLJQPGV1/SpAWy6+U7RVqcJmhdtrdCYwvDL0/i5u/HC4VeWXB+w2LSSC63qWHwo+RkwfaJFLXKMO1JUWlQvxXg==",
      "dev": true,
      "license": "MIT",
      "dependencies": {
        "@uiw/color-convert": "2.10.3",
        "@uiw/react-color-alpha": "2.10.3"
      },
      "funding": {
        "url": "https://jaywcjlove.github.io/#/sponsor"
      },
      "peerDependencies": {
        "@babel/runtime": ">=7.19.0",
        "react": ">=16.9.0",
        "react-dom": ">=16.9.0"
      }
    },
    "node_modules/@uiw/react-color-swatch": {
      "version": "2.10.3",
      "resolved": "https://registry.npmjs.org/@uiw/react-color-swatch/-/react-color-swatch-2.10.3.tgz",
      "integrity": "sha512-7Q/h9RTeloFnrIo/k6U5g+D/abSIT62FiAQZLaEC34O2eOtu1LQReTXAgx39b1HSQ8piCgBYaQc7oM9WhRTPow==",
      "dev": true,
      "license": "MIT",
      "dependencies": {
        "@uiw/color-convert": "2.10.3"
      },
      "funding": {
        "url": "https://jaywcjlove.github.io/#/sponsor"
      },
      "peerDependencies": {
        "@babel/runtime": ">=7.19.0",
        "react": ">=16.9.0",
        "react-dom": ">=16.9.0"
      }
    },
    "node_modules/@uiw/react-color-wheel": {
      "version": "2.10.3",
      "resolved": "https://registry.npmjs.org/@uiw/react-color-wheel/-/react-color-wheel-2.10.3.tgz",
      "integrity": "sha512-eNFWioQt8Fr3UgHpuCxN4/gniZReOit3FzYxVFVXzQD5Hd6ch6jJDDZFFTl2NGVuTfsXLIepLYe9B5FHajC7AA==",
      "dev": true,
      "license": "MIT",
      "dependencies": {
        "@uiw/color-convert": "2.10.3",
        "@uiw/react-drag-event-interactive": "2.10.3"
      },
      "funding": {
        "url": "https://jaywcjlove.github.io/#/sponsor"
      },
      "peerDependencies": {
        "@babel/runtime": ">=7.19.0",
        "react": ">=16.9.0",
        "react-dom": ">=16.9.0"
      }
    },
    "node_modules/@uiw/react-drag-event-interactive": {
      "version": "2.10.3",
      "resolved": "https://registry.npmjs.org/@uiw/react-drag-event-interactive/-/react-drag-event-interactive-2.10.3.tgz",
      "integrity": "sha512-veLm9HF1cairiYbGxcALYVu51T4XAzDz8fmtQ0SiLVFHBX74+iUGo2jArS/XALFBnapsLYTAWTnHXxe38mC/Vw==",
      "dev": true,
      "license": "MIT",
      "funding": {
        "url": "https://jaywcjlove.github.io/#/sponsor"
      },
      "peerDependencies": {
        "@babel/runtime": ">=7.19.0",
        "react": ">=16.9.0",
        "react-dom": ">=16.9.0"
      }
    },
    "node_modules/blueimp-md5": {
      "version": "2.19.0",
      "resolved": "https://registry.npmjs.org/blueimp-md5/-/blueimp-md5-2.19.0.tgz",
      "integrity": "sha512-DRQrD6gJyy8FbiE4s+bDoXS9hiW3Vbx5uCdwvcCf3zLHL+Iv7LtGHLpr+GZV8rHG8tK766FGYBwRbu8pELTt+w==",
      "dev": true,
      "license": "MIT"
    },
    "node_modules/classnames": {
      "version": "2.5.1",
      "resolved": "https://registry.npmjs.org/classnames/-/classnames-2.5.1.tgz",
      "integrity": "sha512-saHYOzhIQs6wy2sVxTM6bUDsQO4F50V9RQ22qBpEdCW+I+/Wmke2HOl6lS6dTpdxVhb88/I6+Hs+438c3lfUow==",
      "dev": true,
      "license": "MIT"
    },
    "node_modules/colors-named": {
      "version": "1.0.5",
      "resolved": "https://registry.npmjs.org/colors-named/-/colors-named-1.0.5.tgz",
      "integrity": "sha512-xaspf9oddAOqP2LYNOgp8E3BwAzugrdO9J1kDNS5ySrzTgV9hrXGBt5w87ioLEr2pM4Ukt+GKedvzaLRxpv8pA==",
      "dev": true,
      "license": "MIT",
      "engines": {
        "node": ">=14.16"
      },
      "funding": {
        "url": "https://jaywcjlove.github.io/#/sponsor"
      }
    },
    "node_modules/colors-named-hex": {
      "version": "1.0.4",
      "resolved": "https://registry.npmjs.org/colors-named-hex/-/colors-named-hex-1.0.4.tgz",
      "integrity": "sha512-X+Enw/2fFAgDRhUac69cRO/RJvHnWDBBrP8J1sJuEU16Buiiu8PPpJP4abSo0V+fJbkfwmQITE6zKx/SBJERGw==",
      "dev": true,
      "license": "MIT",
      "engines": {
        "node": ">=14.16"
      },
      "funding": {
        "url": "https://jaywcjlove.github.io/#/sponsor"
      }
    },
    "node_modules/css-box-model": {
      "version": "1.2.1",
      "resolved": "https://registry.npmjs.org/css-box-model/-/css-box-model-1.2.1.tgz",
      "integrity": "sha512-a7Vr4Q/kd/aw96bnJG332W9V9LkJO69JRcaCYDUqjp6/z0w6VcZjgAcTbgFxEPfBgdnAwlh3iwu+hLopa+flJw==",
      "dev": true,
      "license": "MIT",
      "dependencies": {
        "tiny-invariant": "^1.0.6"
      }
    },
    "node_modules/csstype": {
      "version": "3.2.3",
      "resolved": "https://registry.npmjs.org/csstype/-/csstype-3.2.3.tgz",
      "integrity": "sha512-z1HGKcYy2xA8AGQfwrn0PAy+PB7X/GSj3UVJW9qKyn43xWa+gl5nXmU4qqLMRzWVLFC8KusUX8T/0kCiOYpAIQ==",
      "dev": true,
      "license": "MIT"
    },
    "node_modules/dom-helpers": {
      "version": "5.2.1",
      "resolved": "https://registry.npmjs.org/dom-helpers/-/dom-helpers-5.2.1.tgz",
      "integrity": "sha512-nRCa7CK3VTrM2NmGkIy4cbK7IZlgBE/PYMn55rrXefr5xXDP0LdtfPnblFDoVdcAfslJ7or6iqAUnx0CCGIWQA==",
      "dev": true,
      "license": "MIT",
      "dependencies": {
        "@babel/runtime": "^7.8.7",
        "csstype": "^3.0.2"
      }
    },
    "node_modules/dom-helpers/node_modules/@babel/runtime": {
      "version": "7.29.7",
      "resolved": "https://registry.npmjs.org/@babel/runtime/-/runtime-7.29.7.tgz",
      "integrity": "sha512-Nq8OhGWiZIZGV6hLHoyAKLLcJihP/xFeBMGJoUrxTX2psI8dCifzLhZISFb+VWS3wFMRDmCGw5R+dOySCqPLhw==",
      "dev": true,
      "license": "MIT",
      "engines": {
        "node": ">=6.9.0"
      }
    },
    "node_modules/js-tokens": {
      "version": "4.0.0",
      "resolved": "https://registry.npmjs.org/js-tokens/-/js-tokens-4.0.0.tgz",
      "integrity": "sha512-RdJUflcE3cUzKiMqQgsCu06FPu9UdIJO0beYbPhHN4k6apgJtifcoCtT9bcxOpYBtpD2kCM6Sbzg4CausW/PKQ==",
      "dev": true,
      "license": "MIT"
    },
    "node_modules/lodash": {
      "version": "4.18.1",
      "resolved": "https://registry.npmjs.org/lodash/-/lodash-4.18.1.tgz",
      "integrity": "sha512-dMInicTPVE8d1e5otfwmmjlxkZoUpiVLwyeTdUsi/Caj/gfzzblBcCE5sRHV/AsjuCmxWrte2TNGSYuCeCq+0Q==",
      "dev": true,
      "license": "MIT"
    },
    "node_modules/loose-envify": {
      "version": "1.4.0",
      "resolved": "https://registry.npmjs.org/loose-envify/-/loose-envify-1.4.0.tgz",
      "integrity": "sha512-lyuxPGr/Wfhrlem2CL/UcnUc1zcqKAImBDzukY7Y5F/yQiNdko6+fRLevlw1HgMySw7f611UIY408EtxRSoK3Q==",
      "dev": true,
      "license": "MIT",
      "dependencies": {
        "js-tokens": "^3.0.0 || ^4.0.0"
      },
      "bin": {
        "loose-envify": "cli.js"
      }
    },
    "node_modules/memoize-one": {
      "version": "5.2.1",
      "resolved": "https://registry.npmjs.org/memoize-one/-/memoize-one-5.2.1.tgz",
      "integrity": "sha512-zYiwtZUcYyXKo/np96AGZAckk+FWWsUdJ3cHGGmld7+AhvcWmQyGCYUh1hc4Q/pkOhb65dQR/pqCyK0cOaHz4Q==",
      "dev": true,
      "license": "MIT"
    },
    "node_modules/object-assign": {
      "version": "4.1.1",
      "resolved": "https://registry.npmjs.org/object-assign/-/object-assign-4.1.1.tgz",
      "integrity": "sha512-rJgTQnkUnH1sFw8yT6VSU3zD3sWmu6sZhIseY8VX+GRu3P6F7Fu+JNDoXfklElbLJSnc3FUQHVe4cU5hj+BcUg==",
      "dev": true,
      "license": "MIT",
      "engines": {
        "node": ">=0.10.0"
      }
    },
    "node_modules/prop-types": {
      "version": "15.8.1",
      "resolved": "https://registry.npmjs.org/prop-types/-/prop-types-15.8.1.tgz",
      "integrity": "sha512-oj87CgZICdulUohogVAR7AjlC0327U4el4L6eAvOqCeudMDVU0NThNaV+b9Df4dXgSP1gXMTnPdhfe/2qDH5cg==",
      "dev": true,
      "license": "MIT",
      "dependencies": {
        "loose-envify": "^1.4.0",
        "object-assign": "^4.1.1",
        "react-is": "^16.13.1"
      }
    },
    "node_modules/prop-types/node_modules/react-is": {
      "version": "16.13.1",
      "resolved": "https://registry.npmjs.org/react-is/-/react-is-16.13.1.tgz",
      "integrity": "sha512-24e6ynE2H+OKt4kqsOvNd8kBpV65zoxbA4BVsEOB3ARVWQki/DHzaUoC5KuON/BiccDaCCTZBuOcfZs70kR8bQ==",
      "dev": true,
      "license": "MIT"
    },
    "node_modules/raf-schd": {
      "version": "4.0.3",
      "resolved": "https://registry.npmjs.org/raf-schd/-/raf-schd-4.0.3.tgz",
      "integrity": "sha512-tQkJl2GRWh83ui2DiPTJz9wEiMN20syf+5oKfB03yYP7ioZcJwsIK8FjrtLwH1m7C7e+Tt2yYBlrOpdT+dyeIQ==",
      "dev": true,
      "license": "MIT"
    },
    "node_modules/rc-slider": {
      "version": "11.1.9",
      "resolved": "https://registry.npmjs.org/rc-slider/-/rc-slider-11.1.9.tgz",
      "integrity": "sha512-h8IknhzSh3FEM9u8ivkskh+Ef4Yo4JRIY2nj7MrH6GQmrwV6mcpJf5/4KgH5JaVI1H3E52yCdpOlVyGZIeph5A==",
      "dev": true,
      "license": "MIT",
      "dependencies": {
        "@babel/runtime": "^7.10.1",
        "classnames": "^2.2.5",
        "rc-util": "^5.36.0"
      },
      "engines": {
        "node": ">=8.x"
      },
      "peerDependencies": {
        "react": ">=16.9.0",
        "react-dom": ">=16.9.0"
      }
    },
    "node_modules/rc-slider/node_modules/@babel/runtime": {
      "version": "7.29.7",
      "resolved": "https://registry.npmjs.org/@babel/runtime/-/runtime-7.29.7.tgz",
      "integrity": "sha512-Nq8OhGWiZIZGV6hLHoyAKLLcJihP/xFeBMGJoUrxTX2psI8dCifzLhZISFb+VWS3wFMRDmCGw5R+dOySCqPLhw==",
      "dev": true,
      "license": "MIT",
      "engines": {
        "node": ">=6.9.0"
      }
    },
    "node_modules/rc-util": {
      "version": "5.44.4",
      "resolved": "https://registry.npmjs.org/rc-util/-/rc-util-5.44.4.tgz",
      "integrity": "sha512-resueRJzmHG9Q6rI/DfK6Kdv9/Lfls05vzMs1Sk3M2P+3cJa+MakaZyWY8IPfehVuhPJFKrIY1IK4GqbiaiY5w==",
      "dev": true,
      "license": "MIT",
      "dependencies": {
        "@babel/runtime": "^7.18.3",
        "react-is": "^18.2.0"
      },
      "peerDependencies": {
        "react": ">=16.9.0",
        "react-dom": ">=16.9.0"
      }
    },
    "node_modules/rc-util/node_modules/@babel/runtime": {
      "version": "7.29.7",
      "resolved": "https://registry.npmjs.org/@babel/runtime/-/runtime-7.29.7.tgz",
      "integrity": "sha512-Nq8OhGWiZIZGV6hLHoyAKLLcJihP/xFeBMGJoUrxTX2psI8dCifzLhZISFb+VWS3wFMRDmCGw5R+dOySCqPLhw==",
      "dev": true,
      "license": "MIT",
      "engines": {
        "node": ">=6.9.0"
      }
    },
    "node_modules/react": {
      "version": "19.3.0",
      "resolved": "https://registry.npmjs.org/react/-/react-19.3.0.tgz",
      "integrity": "sha512-E8LUcbtBWt20bbl2YoHfx4ZDBdxVTfOKtCZn9cDSJ4l6/nuoApcpIBcj47t2wZoVX8g2ZHuMHbiShgCR1T5Sog==",
      "dev": true,
      "license": "MIT",
      "peer": true,
      "engines": {
        "node": ">=0.10.0"
      }
    },
    "node_modules/react-dom": {
      "version": "19.3.0",
      "resolved": "https://registry.npmjs.org/react-dom/-/react-dom-19.3.0.tgz",
      "integrity": "sha512-JDk8dgif51OjFoDE70+OT9ICyYr+69HlmihNwp1+Nsfbna3t5sIiCa9ZJktDmQ4/1b/rn26hIAR2uYXDMr5r0Q==",
      "dev": true,
      "license": "MIT",
      "peer": true,
      "dependencies": {
        "scheduler": "^0.28.0"
      },
      "peerDependencies": {
        "react": "^19.3.0"
      }
    },
    "node_modules/react-is": {
      "version": "18.3.1",
      "resolved": "https://registry.npmjs.org/react-is/-/react-is-18.3.1.tgz",
      "integrity": "sha512-/LLMVyas0ljjAtoYiPqYiL8VWXzUUdThrmU5+n20DZv+a+ClRoevUzw5JxU+Ieh5/c87ytoTBV9G1FiKfNJdmg==",
      "dev": true,
      "license": "MIT"
    },
    "node_modules/react-redux": {
      "version": "9.3.0",
      "resolved": "https://registry.npmjs.org/react-redux/-/react-redux-9.3.0.tgz",
      "integrity": "sha512-KQopgqFo/p/fgmAs5qz6p5RWaNAzq40WAu7fJIXnQpYxFPbJYtsJPWvGeF2rOBaY/kEuV77AVsX8TsQzKm+A/g==",
      "dev": true,
      "license": "MIT",
      "dependencies": {
        "@types/use-sync-external-store": "^0.0.6",
        "use-sync-external-store": "^1.4.0"
      },
      "peerDependencies": {
        "@types/react": "^18.2.25 || ^19",
        "react": "^18.0 || ^19",
        "redux": "^5.0.0"
      },
      "peerDependenciesMeta": {
        "@types/react": {
          "optional": true
        },
        "redux": {
          "optional": true
        }
      }
    },
    "node_modules/react-transition-group": {
      "version": "4.4.5",
      "resolved": "https://registry.npmjs.org/react-transition-group/-/react-transition-group-4.4.5.tgz",
      "integrity": "sha512-pZcd1MCJoiKiBR2NRxeCRg13uCXbydPnmB4EOeRrY7480qNWO8IIgQG6zlDkm6uRMsURXPuKq0GWtiM59a5Q6g==",
      "dev": true,
      "license": "BSD-3-Clause",
      "dependencies": {
        "@babel/runtime": "^7.5.5",
        "dom-helpers": "^5.0.1",
        "loose-envify": "^1.4.0",
        "prop-types": "^15.6.2"
      },
      "peerDependencies": {
        "react": ">=16.6.0",
        "react-dom": ">=16.6.0"
      }
    },
    "node_modules/react-transition-group/node_modules/@babel/runtime": {
      "version": "7.29.7",
      "resolved": "https://registry.npmjs.org/@babel/runtime/-/runtime-7.29.7.tgz",
      "integrity": "sha512-Nq8OhGWiZIZGV6hLHoyAKLLcJihP/xFeBMGJoUrxTX2psI8dCifzLhZISFb+VWS3wFMRDmCGw5R+dOySCqPLhw==",
      "dev": true,
      "license": "MIT",
      "engines": {
        "node": ">=6.9.0"
      }
    },
    "node_modules/react-virtualized-auto-sizer": {
      "version": "1.0.26",
      "resolved": "https://registry.npmjs.org/react-virtualized-auto-sizer/-/react-virtualized-auto-sizer-1.0.26.tgz",
      "integrity": "sha512-CblNyiNVw2o+hsa5/49NH2ogGxZ+t+3aweRvNSq7TVjDIlwk7ir4lencEg5HxHeSzwNarSkNkiu0qJSOXtxm5A==",
      "dev": true,
      "license": "MIT",
      "peerDependencies": {
        "react": "^15.3.0 || ^16.0.0-alpha || ^17.0.0 || ^18.0.0 || ^19.0.0",
        "react-dom": "^15.3.0 || ^16.0.0-alpha || ^17.0.0 || ^18.0.0 || ^19.0.0"
      }
    },
    "node_modules/react-window": {
      "version": "1.8.11",
      "resolved": "https://registry.npmjs.org/react-window/-/react-window-1.8.11.tgz",
      "integrity": "sha512-+SRbUVT2scadgFSWx+R1P754xHPEqvcfSfVX10QYg6POOz+WNgkN48pS+BtZNIMGiL1HYrSEiCkwsMS15QogEQ==",
      "dev": true,
      "license": "MIT",
      "dependencies": {
        "@babel/runtime": "^7.0.0",
        "memoize-one": ">=3.1.1 <6"
      },
      "engines": {
        "node": ">8.0.0"
      },
      "peerDependencies": {
        "react": "^15.0.0 || ^16.0.0 || ^17.0.0 || ^18.0.0 || ^19.0.0",
        "react-dom": "^15.0.0 || ^16.0.0 || ^17.0.0 || ^18.0.0 || ^19.0.0"
      }
    },
    "node_modules/react-window/node_modules/@babel/runtime": {
      "version": "7.29.7",
      "resolved": "https://registry.npmjs.org/@babel/runtime/-/runtime-7.29.7.tgz",
      "integrity": "sha512-Nq8OhGWiZIZGV6hLHoyAKLLcJihP/xFeBMGJoUrxTX2psI8dCifzLhZISFb+VWS3wFMRDmCGw5R+dOySCqPLhw==",
      "dev": true,
      "license": "MIT",
      "engines": {
        "node": ">=6.9.0"
      }
    },
    "node_modules/redux": {
      "version": "5.0.1",
      "resolved": "https://registry.npmjs.org/redux/-/redux-5.0.1.tgz",
      "integrity": "sha512-M9/ELqF6fy8FwmkpnF0S3YKOqMyoWJ4+CS5Efg2ct3oY9daQvd/Pc71FpGZsVsbl3Cpb+IIcjBDUnnyBdQbq4w==",
      "dev": true,
      "license": "MIT"
    },
    "node_modules/scheduler": {
      "version": "0.28.0",
      "resolved": "https://registry.npmjs.org/scheduler/-/scheduler-0.28.0.tgz",
      "integrity": "sha512-juorfCmIkIw8tT+p5BXSm6PJjQF/ycEYmKyzURCIt/RaZIhL+PulbQ9Yu2z1HdOJDdqDTlxA1+xKBmHXJsczAw==",
      "dev": true,
      "license": "MIT",
      "peer": true
    },
    "node_modules/tabbable": {
      "version": "6.5.0",
      "resolved": "https://registry.npmjs.org/tabbable/-/tabbable-6.5.0.tgz",
      "integrity": "sha512-wieBHXygIm7OyQOu5hQlkk62/WyCFYGlWg7L6/ZCUZwx0o398Zkn4pVmMyfYhfMG8kGrj/Krt8eIk6UKC6VzwA==",
      "dev": true,
      "license": "MIT"
    },
    "node_modules/tiny-invariant": {
      "version": "1.3.3",
      "resolved": "https://registry.npmjs.org/tiny-invariant/-/tiny-invariant-1.3.3.tgz",
      "integrity": "sha512-+FbBPE1o9QAYvviau/qC5SE3caw21q3xkvWKBtja5vgqOWIHHJ3ioaq1VPfn/Szqctz2bU/oYeKd9/z5BL+PVg==",
      "dev": true,
      "license": "MIT"
    },
    "node_modules/tslib": {
      "version": "2.8.1",
      "resolved": "https://registry.npmjs.org/tslib/-/tslib-2.8.1.tgz",
      "integrity": "sha512-oJFu94HQb+KVduSUQL7wnpmqnfmLsOA/nAh6b6EH0wCEoK0/mPeXU6c3wKDV83MkOuHPRHtSXKKU99IBazS/2w==",
      "dev": true,
      "license": "0BSD"
    },
    "node_modules/use-sync-external-store": {
      "version": "1.7.0",
      "resolved": "https://registry.npmjs.org/use-sync-external-store/-/use-sync-external-store-1.7.0.tgz",
      "integrity": "sha512-6L+EeigHMQhdaIPNIFUKwfWJSwWFQ8gJbJ2DLOs5sDIegTwR9fRxvnM3uciHKjIZhFz+KAv2emhWMRvDmMcY8A==",
      "dev": true,
      "license": "MIT",
      "peerDependencies": {
        "react": "^16.8.0 || ^17.0.0 || ^18.0.0 || ^19.0.0"
      }
    }
  }
}
